// !$*UTF8*$!
{
	archiveVersion = 1;
	classes = {
	};
	objectVersion = 56;
	objects = {

/* Begin PBXBuildFile section */
		1C08EE552AC17C72002522BF /* HomeViewController.swift in Sources */ = {isa = PBXBuildFile; fileRef = 1C08EE532AC17C72002522BF /* HomeViewController.swift */; };
		1C08EE562AC17C72002522BF /* HomeViewController.xib in Resources */ = {isa = PBXBuildFile; fileRef = 1C08EE542AC17C72002522BF /* HomeViewController.xib */; };
		1C08EE5B2AC1804E002522BF /* ImageViewController.swift in Sources */ = {isa = PBXBuildFile; fileRef = 1C08EE592AC1804E002522BF /* ImageViewController.swift */; };
		1C08EE5C2AC1804E002522BF /* ImageViewController.xib in Resources */ = {isa = PBXBuildFile; fileRef = 1C08EE5A2AC1804E002522BF /* ImageViewController.xib */; };
		1CF4864A2AC16DB3004D6E14 /* AppDelegate.swift in Sources */ = {isa = PBXBuildFile; fileRef = 1CF486492AC16DB3004D6E14 /* AppDelegate.swift */; };
		1CF4864C2AC16DB3004D6E14 /* SceneDelegate.swift in Sources */ = {isa = PBXBuildFile; fileRef = 1CF4864B2AC16DB3004D6E14 /* SceneDelegate.swift */; };
		1CF4864E2AC16DB3004D6E14 /* ViewController.swift in Sources */ = {isa = PBXBuildFile; fileRef = 1CF4864D2AC16DB3004D6E14 /* ViewController.swift */; };
		1CF486512AC16DB3004D6E14 /* Main.storyboard in Resources */ = {isa = PBXBuildFile; fileRef = 1CF4864F2AC16DB3004D6E14 /* Main.storyboard */; };
		1CF486532AC16DB5004D6E14 /* Assets.xcassets in Resources */ = {isa = PBXBuildFile; fileRef = 1CF486522AC16DB5004D6E14 /* Assets.xcassets */; };
		1CF486562AC16DB5004D6E14 /* LaunchScreen.storyboard in Resources */ = {isa = PBXBuildFile; fileRef = 1CF486542AC16DB5004D6E14 /* LaunchScreen.storyboard */; };
		1CF486612AC16DB6004D6E14 /* FirstAppTests.swift in Sources */ = {isa = PBXBuildFile; fileRef = 1CF486602AC16DB6004D6E14 /* FirstAppTests.swift */; };
		1CF4866B2AC16DB6004D6E14 /* FirstAppUITests.swift in Sources */ = {isa = PBXBuildFile; fileRef = 1CF4866A2AC16DB6004D6E14 /* FirstAppUITests.swift */; };
		1CF4866D2AC16DB6004D6E14 /* FirstAppUITestsLaunchTests.swift in Sources */ = {isa = PBXBuildFile; fileRef = 1CF4866C2AC16DB6004D6E14 /* FirstAppUITestsLaunchTests.swift */; };
/* End PBXBuildFile section */

/* Begin PBXContainerItemProxy section */
		1CF4865D2AC16DB6004D6E14 /* PBXContainerItemProxy */ = {
			isa = PBXContainerItemProxy;
			containerPortal = 1CF4863E2AC16DB3004D6E14 /* Project object */;
			proxyType = 1;
			remoteGlobalIDString = 1CF486452AC16DB3004D6E14;
			remoteInfo = FirstApp;
		};
		1CF486672AC16DB6004D6E14 /* PBXContainerItemProxy */ = {
			isa = PBXContainerItemProxy;
			containerPortal = 1CF4863E2AC16DB3004D6E14 /* Project object */;
			proxyType = 1;
			remoteGlobalIDString = 1CF486452AC16DB3004D6E14;
			remoteInfo = FirstApp;
		};
/* End PBXContainerItemProxy section */

/* Begin PBXFileReference section */
		1C08EE532AC17C72002522BF /* HomeViewController.swift */ = {isa = PBXFileReference; lastKnownFileType = sourcecode.swift; path = HomeViewController.swift; sourceTree = "<group>"; };
		1C08EE542AC17C72002522BF /* HomeViewController.xib */ = {isa = PBXFileReference; lastKnownFileType = file.xib; path = HomeViewController.xib; sourceTree = "<group>"; };
		1C08EE592AC1804E002522BF /* ImageViewController.swift */ = {isa = PBXFileReference; lastKnownFileType = sourcecode.swift; path = ImageViewController.swift; sourceTree = "<group>"; };
		1C08EE5A2AC1804E002522BF /* ImageViewController.xib */ = {isa = PBXFileReference; lastKnownFileType = file.xib; path = ImageViewController.xib; sourceTree = "<group>"; };
		1CF486462AC16DB3004D6E14 /* FirstApp.app */ = {isa = PBXFileReference; explicitFileType = wrapper.application; includeInIndex = 0; path = FirstApp.app; sourceTree = BUILT_PRODUCTS_DIR; };
		1CF486492AC16DB3004D6E14 /* AppDelegate.swift */ = {isa = PBXFileReference; lastKnownFileType = sourcecode.swift; path = AppDelegate.swift; sourceTree = "<group>"; };
		1CF4864B2AC16DB3004D6E14 /* SceneDelegate.swift */ = {isa = PBXFileReference; lastKnownFileType = sourcecode.swift; path = SceneDelegate.swift; sourceTree = "<group>"; };
		1CF4864D2AC16DB3004D6E14 /* ViewController.swift */ = {isa = PBXFileReference; lastKnownFileType = sourcecode.swift; path = ViewController.swift; sourceTree = "<group>"; };
		1CF486502AC16DB3004D6E14 /* Base */ = {isa = PBXFileReference; lastKnownFileType = file.storyboard; name = Base; path = Base.lproj/Main.storyboard; sourceTree = "<group>"; };
		1CF486522AC16DB5004D6E14 /* Assets.xcassets */ = {isa = PBXFileReference; lastKnownFileType = folder.assetcatalog; path = Assets.xcassets; sourceTree = "<group>"; };
		1CF486552AC16DB5004D6E14 /* Base */ = {isa = PBXFileReference; lastKnownFileType = file.storyboard; name = Base; path = Base.lproj/LaunchScreen.storyboard; sourceTree = "<group>"; };
		1CF486572AC16DB5004D6E14 /* Info.plist */ = {isa = PBXFileReference; lastKnownFileType = text.plist.xml; path = Info.plist; sourceTree = "<group>"; };
		1CF4865C2AC16DB6004D6E14 /* FirstAppTests.xctest */ = {isa = PBXFileReference; explicitFileType = wrapper.cfbundle; includeInIndex = 0; path = FirstAppTests.xctest; sourceTree = BUILT_PRODUCTS_DIR; };
		1CF486602AC16DB6004D6E14 /* FirstAppTests.swift */ = {isa = PBXFileReference; lastKnownFileType = sourcecode.swift; path = FirstAppTests.swift; sourceTree = "<group>"; };
		1CF486662AC16DB6004D6E14 /* FirstAppUITests.xctest */ = {isa = PBXFileReference; explicitFileType = wrapper.cfbundle; includeInIndex = 0; path = FirstAppUITests.xctest; sourceTree = BUILT_PRODUCTS_DIR; };
		1CF4866A2AC16DB6004D6E14 /* FirstAppUITests.swift */ = {isa = PBXFileReference; lastKnownFileType = sourcecode.swift; path = FirstAppUITests.swift; sourceTree = "<group>"; };
		1CF4866C2AC16DB6004D6E14 /* FirstAppUITestsLaunchTests.swift */ = {isa = PBXFileReference; lastKnownFileType = sourcecode.swift; path = FirstAppUITestsLaunchTests.swift; sourceTree = "<group>"; };
/* End PBXFileReference section */

/* Begin PBXFrameworksBuildPhase section */
		1CF486432AC16DB3004D6E14 /* Frameworks */ = {
			isa = PBXFrameworksBuildPhase;
			buildActionMask = 2147483647;
			files = (
			);
			runOnlyForDeploymentPostprocessing = 0;
		};
		1CF486592AC16DB6004D6E14 /* Frameworks */ = {
			isa = PBXFrameworksBuildPhase;
			buildActionMask = 2147483647;
			files = (
			);
			runOnlyForDeploymentPostprocessing = 0;
		};
		1CF486632AC16DB6004D6E14 /* Frameworks */ = {
			isa = PBXFrameworksBuildPhase;
			buildActionMask = 2147483647;
			files = (
			);
			runOnlyForDeploymentPostprocessing = 0;
		};
/* End PBXFrameworksBuildPhase section */

/* Begin PBXGroup section */
		1C08EE512AC17C28002522BF /* Controller */ = {
			isa = PBXGroup;
			children = (
				1C08EE572AC17FF3002522BF /* ImageViewController */,
				1C08EE522AC17C3B002522BF /* HomeViewController */,
			);
			path = Controller;
			sourceTree = "<group>";
		};
		1C08EE522AC17C3B002522BF /* HomeViewController */ = {
			isa = PBXGroup;
			children = (
				1C08EE532AC17C72002522BF /* HomeViewController.swift */,
				1C08EE542AC17C72002522BF /* HomeViewController.xib */,
			);
			path = HomeViewController;
			sourceTree = "<group>";
		};
		1C08EE572AC17FF3002522BF /* ImageViewController */ = {
			isa = PBXGroup;
			children = (
				1C08EE592AC1804E002522BF /* ImageViewController.swift */,
				1C08EE5A2AC1804E002522BF /* ImageViewController.xib */,
			);
			path = ImageViewController;
			sourceTree = "<group>";
		};
		1CF4863D2AC16DB3004D6E14 = {
			isa = PBXGroup;
			children = (
				1CF486482AC16DB3004D6E14 /* FirstApp */,
				1CF4865F2AC16DB6004D6E14 /* FirstAppTests */,
				1CF486692AC16DB6004D6E14 /* FirstAppUITests */,
				1CF486472AC16DB3004D6E14 /* Products */,
			);
			sourceTree = "<group>";
		};
		1CF486472AC16DB3004D6E14 /* Products */ = {
			isa = PBXGroup;
			children = (
				1CF486462AC16DB3004D6E14 /* FirstApp.app */,
				1CF4865C2AC16DB6004D6E14 /* FirstAppTests.xctest */,
				1CF486662AC16DB6004D6E14 /* FirstAppUITests.xctest */,
			);
			name = Products;
			sourceTree = "<group>";
		};
		1CF486482AC16DB3004D6E14 /* FirstApp */ = {
			isa = PBXGroup;
			children = (
				1C08EE512AC17C28002522BF /* Controller */,
				1CF486492AC16DB3004D6E14 /* AppDelegate.swift */,
				1CF4864B2AC16DB3004D6E14 /* SceneDelegate.swift */,
				1CF4864D2AC16DB3004D6E14 /* ViewController.swift */,
				1CF4864F2AC16DB3004D6E14 /* Main.storyboard */,
				1CF486522AC16DB5004D6E14 /* Assets.xcassets */,
				1CF486542AC16DB5004D6E14 /* LaunchScreen.storyboard */,
				1CF486572AC16DB5004D6E14 /* Info.plist */,
			);
			path = FirstApp;
			sourceTree = "<group>";
		};
		1CF4865F2AC16DB6004D6E14 /* FirstAppTests */ = {
			isa = PBXGroup;
			children = (
				1CF486602AC16DB6004D6E14 /* FirstAppTests.swift */,
			);
			path = FirstAppTests;
			sourceTree = "<group>";
		};
		1CF486692AC16DB6004D6E14 /* FirstAppUITests */ = {
			isa = PBXGroup;
			children = (
				1CF4866A2AC16DB6004D6E14 /* FirstAppUITests.swift */,
				1CF4866C2AC16DB6004D6E14 /* FirstAppUITestsLaunchTests.swift */,
			);
			path = FirstAppUITests;
			sourceTree = "<group>";
		};
/* End PBXGroup section */

/* Begin PBXNativeTarget section */
		1CF486452AC16DB3004D6E14 /* FirstApp */ = {
			isa = PBXNativeTarget;
			buildConfigurationList = 1CF486702AC16DB6004D6E14 /* Build configuration list for PBXNativeTarget "FirstApp" */;
			buildPhases = (
				1CF486422AC16DB3004D6E14 /* Sources */,
				1CF486432AC16DB3004D6E14 /* Frameworks */,
				1CF486442AC16DB3004D6E14 /* Resources */,
			);
			buildRules = (
			);
			dependencies = (
			);
			name = FirstApp;
			productName = FirstApp;
			productReference = 1CF486462AC16DB3004D6E14 /* FirstApp.app */;
			productType = "com.apple.product-type.application";
		};
		1CF4865B2AC16DB6004D6E14 /* FirstAppTests */ = {
			isa = PBXNativeTarget;
			buildConfigurationList = 1CF486732AC16DB6004D6E14 /* Build configuration list for PBXNativeTarget "FirstAppTests" */;
			buildPhases = (
				1CF486582AC16DB6004D6E14 /* Sources */,
				1CF486592AC16DB6004D6E14 /* Frameworks */,
				1CF4865A2AC16DB6004D6E14 /* Resources */,
			);
			buildRules = (
			);
			dependencies = (
				1CF4865E2AC16DB6004D6E14 /* PBXTargetDependency */,
			);
			name = FirstAppTests;
			productName = FirstAppTests;
			productReference = 1CF4865C2AC16DB6004D6E14 /* FirstAppTests.xctest */;
			productType = "com.apple.product-type.bundle.unit-test";
		};
		1CF486652AC16DB6004D6E14 /* FirstAppUITests */ = {
			isa = PBXNativeTarget;
			buildConfigurationList = 1CF486762AC16DB6004D6E14 /* Build configuration list for PBXNativeTarget "FirstAppUITests" */;
			buildPhases = (
				1CF486622AC16DB6004D6E14 /* Sources */,
				1CF486632AC16DB6004D6E14 /* Frameworks */,
				1CF486642AC16DB6004D6E14 /* Resources */,
			);
			buildRules = (
			);
			dependencies = (
				1CF486682AC16DB6004D6E14 /* PBXTargetDependency */,
			);
			name = FirstAppUITests;
			productName = FirstAppUITests;
			productReference = 1CF486662AC16DB6004D6E14 /* FirstAppUITests.xctest */;
			productType = "com.apple.product-type.bundle.ui-testing";
		};
/* End PBXNativeTarget section */

/* Begin PBXProject section */
		1CF4863E2AC16DB3004D6E14 /* Project object */ = {
			isa = PBXProject;
			attributes = {
				BuildIndependentTargetsInParallel = 1;
				LastSwiftUpdateCheck = 1420;
				LastUpgradeCheck = 1420;
				TargetAttributes = {
					1CF486452AC16DB3004D6E14 = {
						CreatedOnToolsVersion = 14.2;
					};
					1CF4865B2AC16DB6004D6E14 = {
						CreatedOnToolsVersion = 14.2;
						TestTargetID = 1CF486452AC16DB3004D6E14;
					};
					1CF486652AC16DB6004D6E14 = {
						CreatedOnToolsVersion = 14.2;
						TestTargetID = 1CF486452AC16DB3004D6E14;
					};
				};
			};
			buildConfigurationList = 1CF486412AC16DB3004D6E14 /* Build configuration list for PBXProject "FirstApp" */;
			compatibilityVersion = "Xcode 14.0";
			developmentRegion = en;
			hasScannedForEncodings = 0;
			knownRegions = (
				en,
				Base,
			);
			mainGroup = 1CF4863D2AC16DB3004D6E14;
			productRefGroup = 1CF486472AC16DB3004D6E14 /* Products */;
			projectDirPath = "";
			projectRoot = "";
			targets = (
				1CF486452AC16DB3004D6E14 /* FirstApp */,
				1CF4865B2AC16DB6004D6E14 /* FirstAppTests */,
				1CF486652AC16DB6004D6E14 /* FirstAppUITests */,
			);
		};
/* End PBXProject section */

/* Begin PBXResourcesBuildPhase section */
		1CF486442AC16DB3004D6E14 /* Resources */ = {
			isa = PBXResourcesBuildPhase;
			buildActionMask = 2147483647;
			files = (
				1C08EE5C2AC1804E002522BF /* ImageViewController.xib in Resources */,
				1CF486562AC16DB5004D6E14 /* LaunchScreen.storyboard in Resources */,
				1CF486532AC16DB5004D6E14 /* Assets.xcassets in Resources */,
				1CF486512AC16DB3004D6E14 /* Main.storyboard in Resources */,
				1C08EE562AC17C72002522BF /* HomeViewController.xib in Resources */,
			);
			runOnlyForDeploymentPostprocessing = 0;
		};
		1CF4865A2AC16DB6004D6E14 /* Resources */ = {
			isa = PBXResourcesBuildPhase;
			buildActionMask = 2147483647;
			files = (
			);
			runOnlyForDeploymentPostprocessing = 0;
		};
		1CF486642AC16DB6004D6E14 /* Resources */ = {
			isa = PBXResourcesBuildPhase;
			buildActionMask = 2147483647;
			files = (
			);
			runOnlyForDeploymentPostprocessing = 0;
		};
/* End PBXResourcesBuildPhase section */

/* Begin PBXSourcesBuildPhase section */
		1CF486422AC16DB3004D6E14 /* Sources */ = {
			isa = PBXSourcesBuildPhase;
			buildActionMask = 2147483647;
			files = (
				1CF4864E2AC16DB3004D6E14 /* ViewController.swift in Sources */,
				1CF4864A2AC16DB3004D6E14 /* AppDelegate.swift in Sources */,
				1C08EE5B2AC1804E002522BF /* ImageViewController.swift in Sources */,
				1CF4864C2AC16DB3004D6E14 /* SceneDelegate.swift in Sources */,
				1C08EE552AC17C72002522BF /* HomeViewController.swift in Sources */,
			);
			runOnlyForDeploymentPostprocessing = 0;
		};
		1CF486582AC16DB6004D6E14 /* Sources */ = {
			isa = PBXSourcesBuildPhase;
			buildActionMask = 2147483647;
			files = (
				1CF486612AC16DB6004D6E14 /* FirstAppTests.swift in Sources */,
			);
			runOnlyForDeploymentPostprocessing = 0;
		};
		1CF486622AC16DB6004D6E14 /* Sources */ = {
			isa = PBXSourcesBuildPhase;
			buildActionMask = 2147483647;
			files = (
				1CF4866D2AC16DB6004D6E14 /* FirstAppUITestsLaunchTests.swift in Sources */,
				1CF4866B2AC16DB6004D6E14 /* FirstAppUITests.swift in Sources */,
			);
			runOnlyForDeploymentPostprocessing = 0;
		};
/* End PBXSourcesBuildPhase section */

/* Begin PBXTargetDependency section */
		1CF4865E2AC16DB6004D6E14 /* PBXTargetDependency */ = {
			isa = PBXTargetDependency;
			target = 1CF486452AC16DB3004D6E14 /* FirstApp */;
			targetProxy = 1CF4865D2AC16DB6004D6E14 /* PBXContainerItemProxy */;
		};
		1CF486682AC16DB6004D6E14 /* PBXTargetDependency */ = {
			isa = PBXTargetDependency;
			target = 1CF486452AC16DB3004D6E14 /* FirstApp */;
			targetProxy = 1CF486672AC16DB6004D6E14 /* PBXContainerItemProxy */;
		};
/* End PBXTargetDependency section */

/* Begin PBXVariantGroup section */
		1CF4864F2AC16DB3004D6E14 /* Main.storyboard */ = {
			isa = PBXVariantGroup;
			children = (
				1CF486502AC16DB3004D6E14 /* Base */,
			);
			name = Main.storyboard;
			sourceTree = "<group>";
		};
		1CF486542AC16DB5004D6E14 /* LaunchScreen.storyboard */ = {
			isa = PBXVariantGroup;
			children = (
				1CF486552AC16DB5004D6E14 /* Base */,
			);
			name = LaunchScreen.storyboard;
			sourceTree = "<group>";
		};
/* End PBXVariantGroup section */

/* Begin XCBuildConfiguration section */
		1CF4866E2AC16DB6004D6E14 /* Debug */ = {
			isa = XCBuildConfiguration;
			buildSettings = {
				ALWAYS_SEARCH_USER_PATHS = NO;
				CLANG_ANALYZER_NONNULL = YES;
				CLANG_ANALYZER_NUMBER_OBJECT_CONVERSION = YES_AGGRESSIVE;
				CLANG_CXX_LANGUAGE_STANDARD = "gnu++20";
				CLANG_ENABLE_MODULES = YES;
				CLANG_ENABLE_OBJC_ARC = YES;
				CLANG_ENABLE_OBJC_WEAK = YES;
				CLANG_WARN_BLOCK_CAPTURE_AUTORELEASING = YES;
				CLANG_WARN_BOOL_CONVERSION = YES;
				CLANG_WARN_COMMA = YES;
				CLANG_WARN_CONSTANT_CONVERSION = YES;
				CLANG_WARN_DEPRECATED_OBJC_IMPLEMENTATIONS = YES;
				CLANG_WARN_DIRECT_OBJC_ISA_USAGE = YES_ERROR;
				CLANG_WARN_DOCUMENTATION_COMMENTS = YES;
				CLANG_WARN_EMPTY_BODY = YES;
				CLANG_WARN_ENUM_CONVERSION = YES;
				CLANG_WARN_INFINITE_RECURSION = YES;
				CLANG_WARN_INT_CONVERSION = YES;
				CLANG_WARN_NON_LITERAL_NULL_CONVERSION = YES;
				CLANG_WARN_OBJC_IMPLICIT_RETAIN_SELF = YES;
				CLANG_WARN_OBJC_LITERAL_CONVERSION = YES;
				CLANG_WARN_OBJC_ROOT_CLASS = YES_ERROR;
				CLANG_WARN_QUOTED_INCLUDE_IN_FRAMEWORK_HEADER = YES;
				CLANG_WARN_RANGE_LOOP_ANALYSIS = YES;
				CLANG_WARN_STRICT_PROTOTYPES = YES;
				CLANG_WARN_SUSPICIOUS_MOVE = YES;
				CLANG_WARN_UNGUARDED_AVAILABILITY = YES_AGGRESSIVE;
				CLANG_WARN_UNREACHABLE_CODE = YES;
				CLANG_WARN__DUPLICATE_METHOD_MATCH = YES;
				COPY_PHASE_STRIP = NO;
				DEBUG_INFORMATION_FORMAT = dwarf;
				ENABLE_STRICT_OBJC_MSGSEND = YES;
				ENABLE_TESTABILITY = YES;
				GCC_C_LANGUAGE_STANDARD = gnu11;
				GCC_DYNAMIC_NO_PIC = NO;
				GCC_NO_COMMON_BLOCKS = YES;
				GCC_OPTIMIZATION_LEVEL = 0;
				GCC_PREPROCESSOR_DEFINITIONS = (
					"DEBUG=1",
					"$(inherited)",
				);
				GCC_WARN_64_TO_32_BIT_CONVERSION = YES;
				GCC_WARN_ABOUT_RETURN_TYPE = YES_ERROR;
				GCC_WARN_UNDECLARED_SELECTOR = YES;
				GCC_WARN_UNINITIALIZED_AUTOS = YES_AGGRESSIVE;
				GCC_WARN_UNUSED_FUNCTION = YES;
				GCC_WARN_UNUSED_VARIABLE = YES;
				IPHONEOS_DEPLOYMENT_TARGET = 16.2;
				MTL_ENABLE_DEBUG_INFO = INCLUDE_SOURCE;
				MTL_FAST_MATH = YES;
				ONLY_ACTIVE_ARCH = YES;
				SDKROOT = iphoneos;
				SWIFT_ACTIVE_COMPILATION_CONDITIONS = DEBUG;
				SWIFT_OPTIMIZATION_LEVEL = "-Onone";
			};
			name = Debug;
		};
		1CF4866F2AC16DB6004D6E14 /* Release */ = {
			isa = XCBuildConfiguration;
			buildSettings = {
				ALWAYS_SEARCH_USER_PATHS = NO;
				CLANG_ANALYZER_NONNULL = YES;
				CLANG_ANALYZER_NUMBER_OBJECT_CONVERSION = YES_AGGRESSIVE;
				CLANG_CXX_LANGUAGE_STANDARD = "gnu++20";
				CLANG_ENABLE_MODULES = YES;
				CLANG_ENABLE_OBJC_ARC = YES;
				CLANG_ENABLE_OBJC_WEAK = YES;
				CLANG_WARN_BLOCK_CAPTURE_AUTORELEASING = YES;
				CLANG_WARN_BOOL_CONVERSION = YES;
				CLANG_WARN_COMMA = YES;
				CLANG_WARN_CONSTANT_CONVERSION = YES;
				CLANG_WARN_DEPRECATED_OBJC_IMPLEMENTATIONS = YES;
				CLANG_WARN_DIRECT_OBJC_ISA_USAGE = YES_ERROR;
				CLANG_WARN_DOCUMENTATION_COMMENTS = YES;
				CLANG_WARN_EMPTY_BODY = YES;
				CLANG_WARN_ENUM_CONVERSION = YES;
				CLANG_WARN_INFINITE_RECURSION = YES;
				CLANG_WARN_INT_CONVERSION = YES;
				CLANG_WARN_NON_LITERAL_NULL_CONVERSION = YES;
				CLANG_WARN_OBJC_IMPLICIT_RETAIN_SELF = YES;
				CLANG_WARN_OBJC_LITERAL_CONVERSION = YES;
				CLANG_WARN_OBJC_ROOT_CLASS = YES_ERROR;
				CLANG_WARN_QUOTED_INCLUDE_IN_FRAMEWORK_HEADER = YES;
				CLANG_WARN_RANGE_LOOP_ANALYSIS = YES;
				CLANG_WARN_STRICT_PROTOTYPES = YES;
				CLANG_WARN_SUSPICIOUS_MOVE = YES;
				CLANG_WARN_UNGUARDED_AVAILABILITY = YES_AGGRESSIVE;
				CLANG_WARN_UNREACHABLE_CODE = YES;
				CLANG_WARN__DUPLICATE_METHOD_MATCH = YES;
				COPY_PHASE_STRIP = NO;
				DEBUG_INFORMATION_FORMAT = "dwarf-with-dsym";
				ENABLE_NS_ASSERTIONS = NO;
				ENABLE_STRICT_OBJC_MSGSEND = YES;
				GCC_C_LANGUAGE_STANDARD = gnu11;
				GCC_NO_COMMON_BLOCKS = YES;
				GCC_WARN_64_TO_32_BIT_CONVERSION = YES;
				GCC_WARN_ABOUT_RETURN_TYPE = YES_ERROR;
				GCC_WARN_UNDECLARED_SELECTOR = YES;
				GCC_WARN_UNINITIALIZED_AUTOS = YES_AGGRESSIVE;
				GCC_WARN_UNUSED_FUNCTION = YES;
				GCC_WARN_UNUSED_VARIABLE = YES;
				IPHONEOS_DEPLOYMENT_TARGET = 16.2;
				MTL_ENABLE_DEBUG_INFO = NO;
				MTL_FAST_MATH = YES;
				SDKROOT = iphoneos;
				SWIFT_COMPILATION_MODE = wholemodule;
				SWIFT_OPTIMIZATION_LEVEL = "-O";
				VALIDATE_PRODUCT = YES;
			};
			name = Release;
		};
		1CF486712AC16DB6004D6E14 /* Debug */ = {
			isa = XCBuildConfiguration;
			buildSettings = {
				ASSETCATALOG_COMPILER_APPICON_NAME = AppIcon;
				ASSETCATALOG_COMPILER_GLOBAL_ACCENT_COLOR_NAME = AccentColor;
				CODE_SIGN_STYLE = Automatic;
				CURRENT_PROJECT_VERSION = 1;
				DEVELOPMENT_TEAM = 9YN9674B5Y;
				GENERATE_INFOPLIST_FILE = YES;
				INFOPLIST_FILE = FirstApp/Info.plist;
				INFOPLIST_KEY_UIApplicationSupportsIndirectInputEvents = YES;
				INFOPLIST_KEY_UILaunchStoryboardName = LaunchScreen;
				INFOPLIST_KEY_UIMainStoryboardFile = Main;
				INFOPLIST_KEY_UISupportedInterfaceOrientations_iPad = "UIInterfaceOrientationPortrait UIInterfaceOrientationPortraitUpsideDown UIInterfaceOrientationLandscapeLeft UIInterfaceOrientationLandscapeRight";
				INFOPLIST_KEY_UISupportedInterfaceOrientations_iPhone = "UIInterfaceOrientationPortrait UIInterfaceOrientationLandscapeLeft UIInterfaceOrientationLandscapeRight";
				IPHONEOS_DEPLOYMENT_TARGET = 15.0;
				LD_RUNPATH_SEARCH_PATHS = (
					"$(inherited)",
					"@executable_path/Frameworks",
				);
				MARKETING_VERSION = 1.0;
				PRODUCT_BUNDLE_IDENTIFIER = io.XuanThinh.FirstApp;
				PRODUCT_NAME = "$(TARGET_NAME)";
				SWIFT_EMIT_LOC_STRINGS = YES;
				SWIFT_VERSION = 5.0;
				TARGETED_DEVICE_FAMILY = "1,2";
			};
			name = Debug;
		};
		1CF486722AC16DB6004D6E14 /* Release */ = {
			isa = XCBuildConfiguration;
			buildSettings = {
				ASSETCATALOG_COMPILER_APPICON_NAME = AppIcon;
				ASSETCATALOG_COMPILER_GLOBAL_ACCENT_COLOR_NAME = AccentColor;
				CODE_SIGN_STYLE = Automatic;
				CURRENT_PROJECT_VERSION = 1;
				DEVELOPMENT_TEAM = 9YN9674B5Y;
				GENERATE_INFOPLIST_FILE = YES;
				INFOPLIST_FILE = FirstApp/Info.plist;
				INFOPLIST_KEY_UIApplicationSupportsIndirectInputEvents = YES;
				INFOPLIST_KEY_UILaunchStoryboardName = LaunchScreen;
				INFOPLIST_KEY_UIMainStoryboardFile = Main;
				INFOPLIST_KEY_UISupportedInterfaceOrientations_iPad = "UIInterfaceOrientationPortrait UIInterfaceOrientationPortraitUpsideDown UIInterfaceOrientationLandscapeLeft UIInterfaceOrientationLandscapeRight";
				INFOPLIST_KEY_UISupportedInterfaceOrientations_iPhone = "UIInterfaceOrientationPortrait UIInterfaceOrientationLandscapeLeft UIInterfaceOrientationLandscapeRight";
				IPHONEOS_DEPLOYMENT_TARGET = 15.0;
				LD_RUNPATH_SEARCH_PATHS = (
					"$(inherited)",
					"@executable_path/Frameworks",
				);
				MARKETING_VERSION = 1.0;
				PRODUCT_BUNDLE_IDENTIFIER = io.XuanThinh.FirstApp;
				PRODUCT_NAME = "$(TARGET_NAME)";
				SWIFT_EMIT_LOC_STRINGS = YES;
				SWIFT_VERSION = 5.0;
				TARGETED_DEVICE_FAMILY = "1,2";
			};
			name = Release;
		};
		1CF486742AC16DB6004D6E14 /* Debug */ = {
			isa = XCBuildConfiguration;
			buildSettings = {
				ALWAYS_EMBED_SWIFT_STANDARD_LIBRARIES = YES;
				BUNDLE_LOADER = "$(TEST_HOST)";
				CODE_SIGN_STYLE = Automatic;
				CURRENT_PROJECT_VERSION = 1;
				DEVELOPMENT_TEAM = 9YN9674B5Y;
				GENERATE_INFOPLIST_FILE = YES;
				IPHONEOS_DEPLOYMENT_TARGET = 16.2;
				MARKETING_VERSION = 1.0;
				PRODUCT_BUNDLE_IDENTIFIER = io.XuanThinh.FirstAppTests;
				PRODUCT_NAME = "$(TARGET_NAME)";
				SWIFT_EMIT_LOC_STRINGS = NO;
				SWIFT_VERSION = 5.0;
				TARGETED_DEVICE_FAMILY = "1,2";
				TEST_HOST = "$(BUILT_PRODUCTS_DIR)/FirstApp.app/$(BUNDLE_EXECUTABLE_FOLDER_PATH)/FirstApp";
			};
			name = Debug;
		};
		1CF486752AC16DB6004D6E14 /* Release */ = {
			isa = XCBuildConfiguration;
			buildSettings = {
				ALWAYS_EMBED_SWIFT_STANDARD_LIBRARIES = YES;
				BUNDLE_LOADER = "$(TEST_HOST)";
				CODE_SIGN_STYLE = Automatic;
				CURRENT_PROJECT_VERSION = 1;
				DEVELOPMENT_TEAM = 9YN9674B5Y;
				GENERATE_INFOPLIST_FILE = YES;
				IPHONEOS_DEPLOYMENT_TARGET = 16.2;
				MARKETING_VERSION = 1.0;
				PRODUCT_BUNDLE_IDENTIFIER = io.XuanThinh.FirstAppTests;
				PRODUCT_NAME = "$(TARGET_NAME)";
				SWIFT_EMIT_LOC_STRINGS = NO;
				SWIFT_VERSION = 5.0;
				TARGETED_DEVICE_FAMILY = "1,2";
				TEST_HOST = "$(BUILT_PRODUCTS_DIR)/FirstApp.app/$(BUNDLE_EXECUTABLE_FOLDER_PATH)/FirstApp";
			};
			name = Release;
		};
		1CF486772AC16DB6004D6E14 /* Debug */ = {
			isa = XCBuildConfiguration;
			buildSettings = {
				ALWAYS_EMBED_SWIFT_STANDARD_LIBRARIES = YES;
				CODE_SIGN_STYLE = Automatic;
				CURRENT_PROJECT_VERSION = 1;
				DEVELOPMENT_TEAM = 9YN9674B5Y;
				GENERATE_INFOPLIST_FILE = YES;
				MARKETING_VERSION = 1.0;
				PRODUCT_BUNDLE_IDENTIFIER = io.XuanThinh.FirstAppUITests;
				PRODUCT_NAME = "$(TARGET_NAME)";
				SWIFT_EMIT_LOC_STRINGS = NO;
				SWIFT_VERSION = 5.0;
				TARGETED_DEVICE_FAMILY = "1,2";
				TEST_TARGET_NAME = FirstApp;
			};
			name = Debug;
		};
		1CF486782AC16DB6004D6E14 /* Release */ = {
			isa = XCBuildConfiguration;
			buildSettings = {
				ALWAYS_EMBED_SWIFT_STANDARD_LIBRARIES = YES;
				CODE_SIGN_STYLE = Automatic;
				CURRENT_PROJECT_VERSION = 1;
				DEVELOPMENT_TEAM = 9YN9674B5Y;
				GENERATE_INFOPLIST_FILE = YES;
				MARKETING_VERSION = 1.0;
				PRODUCT_BUNDLE_IDENTIFIER = io.XuanThinh.FirstAppUITests;
				PRODUCT_NAME = "$(TARGET_NAME)";
				SWIFT_EMIT_LOC_STRINGS = NO;
				SWIFT_VERSION = 5.0;
				TARGETED_DEVICE_FAMILY = "1,2";
				TEST_TARGET_NAME = FirstApp;
			};
			name = Release;
		};
/* End XCBuildConfiguration section */

/* Begin XCConfigurationList section */
		1CF486412AC16DB3004D6E14 /* Build configuration list for PBXProject "FirstApp" */ = {
			isa = XCConfigurationList;
			buildConfigurations = (
				1CF4866E2AC16DB6004D6E14 /* Debug */,
				1CF4866F2AC16DB6004D6E14 /* Release */,
			);
			defaultConfigurationIsVisible = 0;
			defaultConfigurationName = Release;
		};
		1CF486702AC16DB6004D6E14 /* Build configuration list for PBXNativeTarget "FirstApp" */ = {
			isa = XCConfigurationList;
			buildConfigurations = (
				1CF486712AC16DB6004D6E14 /* Debug */,
				1CF486722AC16DB6004D6E14 /* Release */,
			);
			defaultConfigurationIsVisible = 0;
			defaultConfigurationName = Release;
		};
		1CF486732AC16DB6004D6E14 /* Build configuration list for PBXNativeTarget "FirstAppTests" */ = {
			isa = XCConfigurationList;
			buildConfigurations = (
				1CF486742AC16DB6004D6E14 /* Debug */,
				1CF486752AC16DB6004D6E14 /* Release */,
			);
			defaultConfigurationIsVisible = 0;
			defaultConfigurationName = Release;
		};
		1CF486762AC16DB6004D6E14 /* Build configuration list for PBXNativeTarget "FirstAppUITests" */ = {
			isa = XCConfigurationList;
			buildConfigurations = (
				1CF486772AC16DB6004D6E14 /* Debug */,
				1CF486782AC16DB6004D6E14 /* Release */,
			);
			defaultConfigurationIsVisible = 0;
			defaultConfigurationName = Release;
		};
/* End XCConfigurationList section */
	};
	rootObject = 1CF4863E2AC16DB3004D6E14 /* Project object */;
}
